
Microsoft Visual Studio Solution File, Format Version 12.00
# Visual Studio Version 17
VisualStudioVersion = 17.1.31911.260
MinimumVisualStudioVersion = 10.0.40219.1
Project("{2150E333-8FDC-42A3-9474-1A3956D46DE8}") = "Core", "Core", "{DC3E07A7-A7A9-4382-893D-4BAA29E2C44E}"
EndProject
Project("{2150E333-8FDC-42A3-9474-1A3956D46DE8}") = "App", "App", "{831D4F27-D470-41F9-B8B8-C67C131FB25F}"
EndProject
Project("{9A19103F-16F7-4668-BE54-9A1E7A4F7556}") = "Lunox", "Core\Lunox\Lunox.csproj", "{BB9FEE39-2750-4341-9C73-A7FF004FC59D}"
EndProject
Global
	GlobalSection(SolutionConfigurationPlatforms) = preSolution
		Debug|Any CPU = Debug|Any CPU
		GitHub|Any CPU = GitHub|Any CPU
		Release|Any CPU = Release|Any CPU
	EndGlobalSection
	GlobalSection(ProjectConfigurationPlatforms) = postSolution
		{BB9FEE39-2750-4341-9C73-A7FF004FC59D}.Debug|Any CPU.ActiveCfg = Debug|Any CPU
		{BB9FEE39-2750-4341-9C73-A7FF004FC59D}.Debug|Any CPU.Build.0 = Debug|Any CPU
		{BB9FEE39-2750-4341-9C73-A7FF004FC59D}.GitHub|Any CPU.ActiveCfg = Debug|Any CPU
		{BB9FEE39-2750-4341-9C73-A7FF004FC59D}.GitHub|Any CPU.Build.0 = Debug|Any CPU
		{BB9FEE39-2750-4341-9C73-A7FF004FC59D}.Release|Any CPU.ActiveCfg = Release|Any CPU
		{BB9FEE39-2750-4341-9C73-A7FF004FC59D}.Release|Any CPU.Build.0 = Release|Any CPU
	EndGlobalSection
	GlobalSection(SolutionProperties) = preSolution
		HideSolutionNode = FALSE
	EndGlobalSection
	GlobalSection(NestedProjects) = preSolution
		{BB9FEE39-2750-4341-9C73-A7FF004FC59D} = {DC3E07A7-A7A9-4382-893D-4BAA29E2C44E}
	EndGlobalSection
	GlobalSection(ExtensibilityGlobals) = postSolution
		SolutionGuid = {766B9ABE-4F55-4D6E-A401-C379CDA6F346}
	EndGlobalSection
EndGlobal
