
Microsoft Visual Studio Solution File, Format Version 12.00
# Visual Studio Version 17
VisualStudioVersion = 17.1.31911.260
MinimumVisualStudioVersion = 10.0.40219.1
Project("{2150E333-8FDC-42A3-9474-1A3956D46DE8}") = "Core", "Core", "{DC3E07A7-A7A9-4382-893D-4BAA29E2C44E}"
EndProject
Project("{2150E333-8FDC-42A3-9474-1A3956D46DE8}") = "App", "App", "{831D4F27-D470-41F9-B8B8-C67C131FB25F}"
EndProject
Project("{2150E333-8FDC-42A3-9474-1A3956D46DE8}") = "Lang", "Lang", "{BDD2EC50-851B-475D-92CB-DDE2F3F0D29D}"
EndProject
Project("{2150E333-8FDC-42A3-9474-1A3956D46DE8}") = "Lib", "Lib", "{4CCC50D9-EB0D-4337-8FB8-3AE4A4EBED03}"
EndProject
Project("{FAE04EC0-301F-11D3-BF4B-00C04F79EFBC}") = "Lunox", "App\Lunox.csproj", "{B3EA3273-6107-4156-9AF7-261D53DD569C}"
EndProject
Project("{D954291E-2A0B-460D-934E-DC6B0785DB48}") = "Lunox.Core", "Core\Lunox.Core.shproj", "{47E3F252-95E2-4948-9F24-1B6693637E37}"
EndProject
Project("{D954291E-2A0B-460D-934E-DC6B0785DB48}") = "Lunox.Language", "Lang\Lunox.Language.shproj", "{23EF746E-3E58-4240-8E0D-01DFD89C5950}"
EndProject
Project("{D954291E-2A0B-460D-934E-DC6B0785DB48}") = "Lunox.Library", "Lib\Lunox.Library.shproj", "{C0BE0E62-C802-48C6-A583-6E2D7C359252}"
EndProject
Project("{2150E333-8FDC-42A3-9474-1A3956D46DE8}") = "Test", "Test", "{61CCEB81-6549-4DDB-8F54-705876975A13}"
EndProject
Project("{FAE04EC0-301F-11D3-BF4B-00C04F79EFBC}") = "Lunox.Tests.xUnit", "Test\Lunox.Tests.xUnit\Lunox.Tests.xUnit.csproj", "{8C2AA784-84B2-4655-A902-3383FE2D9B7D}"
EndProject
Project("{FAE04EC0-301F-11D3-BF4B-00C04F79EFBC}") = "Lunox.Tests.MSTest", "Test\Lunox.Tests.MSTest\Lunox.Tests.MSTest.csproj", "{9708D0C5-2CFC-40AC-BBB4-3F4283F9378F}"
EndProject
Project("{9A19103F-16F7-4668-BE54-9A1E7A4F7556}") = "Lunox.Core.Tests.xUnit", "Test\Lunox.Core.Tests.xUnit\Lunox.Core.Tests.xUnit.csproj", "{24725AE7-605A-4EC0-93C5-281E252F22F9}"
EndProject
Project("{9A19103F-16F7-4668-BE54-9A1E7A4F7556}") = "Lunox.Core.Tests.NUnit", "Test\Lunox.Core.Tests.NUnit\Lunox.Core.Tests.NUnit.csproj", "{A35A0E69-7DF5-4C4F-B1FF-72960C75C951}"
EndProject
Project("{9A19103F-16F7-4668-BE54-9A1E7A4F7556}") = "Lunox.Core.Tests.MSTest", "Test\Lunox.Core.Tests.MSTest\Lunox.Core.Tests.MSTest.csproj", "{367D61B2-825E-41B6-B1EB-BB4CE4C744DF}"
EndProject
Project("{2150E333-8FDC-42A3-9474-1A3956D46DE8}") = "Config", "Config", "{8DA6752B-E9C8-411C-9801-2EEDE24FBE2B}"
	ProjectSection(SolutionItems) = preProject
		Config\.editorconfig = Config\.editorconfig
		Config\Settings.XamlStyler = Config\Settings.XamlStyler
	EndProjectSection
EndProject
Global
	GlobalSection(SharedMSBuildProjectFiles) = preSolution
		Lang\Lunox.Language.projitems*{23ef746e-3e58-4240-8e0d-01dfd89c5950}*SharedItemsImports = 13
		Core\Lunox.Core.projitems*{47e3f252-95e2-4948-9f24-1b6693637e37}*SharedItemsImports = 13
		Core\Lunox.Core.projitems*{b3ea3273-6107-4156-9af7-261d53dd569c}*SharedItemsImports = 4
		Lang\Lunox.Language.projitems*{b3ea3273-6107-4156-9af7-261d53dd569c}*SharedItemsImports = 4
		Lib\Lunox.Library.projitems*{b3ea3273-6107-4156-9af7-261d53dd569c}*SharedItemsImports = 4
		Lib\Lunox.Library.projitems*{c0be0e62-c802-48c6-a583-6e2d7c359252}*SharedItemsImports = 13
	EndGlobalSection
	GlobalSection(SolutionConfigurationPlatforms) = preSolution
		Debug|Any CPU = Debug|Any CPU
		Debug|ARM = Debug|ARM
		Debug|ARM64 = Debug|ARM64
		Debug|x64 = Debug|x64
		Debug|x86 = Debug|x86
		Release|Any CPU = Release|Any CPU
		Release|ARM = Release|ARM
		Release|ARM64 = Release|ARM64
		Release|x64 = Release|x64
		Release|x86 = Release|x86
	EndGlobalSection
	GlobalSection(ProjectConfigurationPlatforms) = postSolution
		{B3EA3273-6107-4156-9AF7-261D53DD569C}.Debug|Any CPU.ActiveCfg = Debug|x64
		{B3EA3273-6107-4156-9AF7-261D53DD569C}.Debug|Any CPU.Build.0 = Debug|x64
		{B3EA3273-6107-4156-9AF7-261D53DD569C}.Debug|Any CPU.Deploy.0 = Debug|x64
		{B3EA3273-6107-4156-9AF7-261D53DD569C}.Debug|ARM.ActiveCfg = Debug|ARM
		{B3EA3273-6107-4156-9AF7-261D53DD569C}.Debug|ARM.Build.0 = Debug|ARM
		{B3EA3273-6107-4156-9AF7-261D53DD569C}.Debug|ARM.Deploy.0 = Debug|ARM
		{B3EA3273-6107-4156-9AF7-261D53DD569C}.Debug|ARM64.ActiveCfg = Debug|ARM64
		{B3EA3273-6107-4156-9AF7-261D53DD569C}.Debug|ARM64.Build.0 = Debug|ARM64
		{B3EA3273-6107-4156-9AF7-261D53DD569C}.Debug|ARM64.Deploy.0 = Debug|ARM64
		{B3EA3273-6107-4156-9AF7-261D53DD569C}.Debug|x64.ActiveCfg = Debug|x64
		{B3EA3273-6107-4156-9AF7-261D53DD569C}.Debug|x64.Build.0 = Debug|x64
		{B3EA3273-6107-4156-9AF7-261D53DD569C}.Debug|x64.Deploy.0 = Debug|x64
		{B3EA3273-6107-4156-9AF7-261D53DD569C}.Debug|x86.ActiveCfg = Debug|x86
		{B3EA3273-6107-4156-9AF7-261D53DD569C}.Debug|x86.Build.0 = Debug|x86
		{B3EA3273-6107-4156-9AF7-261D53DD569C}.Debug|x86.Deploy.0 = Debug|x86
		{B3EA3273-6107-4156-9AF7-261D53DD569C}.Release|Any CPU.ActiveCfg = Release|x64
		{B3EA3273-6107-4156-9AF7-261D53DD569C}.Release|Any CPU.Build.0 = Release|x64
		{B3EA3273-6107-4156-9AF7-261D53DD569C}.Release|Any CPU.Deploy.0 = Release|x64
		{B3EA3273-6107-4156-9AF7-261D53DD569C}.Release|ARM.ActiveCfg = Release|ARM
		{B3EA3273-6107-4156-9AF7-261D53DD569C}.Release|ARM.Build.0 = Release|ARM
		{B3EA3273-6107-4156-9AF7-261D53DD569C}.Release|ARM.Deploy.0 = Release|ARM
		{B3EA3273-6107-4156-9AF7-261D53DD569C}.Release|ARM64.ActiveCfg = Release|ARM64
		{B3EA3273-6107-4156-9AF7-261D53DD569C}.Release|ARM64.Build.0 = Release|ARM64
		{B3EA3273-6107-4156-9AF7-261D53DD569C}.Release|ARM64.Deploy.0 = Release|ARM64
		{B3EA3273-6107-4156-9AF7-261D53DD569C}.Release|x64.ActiveCfg = Release|x64
		{B3EA3273-6107-4156-9AF7-261D53DD569C}.Release|x64.Build.0 = Release|x64
		{B3EA3273-6107-4156-9AF7-261D53DD569C}.Release|x64.Deploy.0 = Release|x64
		{B3EA3273-6107-4156-9AF7-261D53DD569C}.Release|x86.ActiveCfg = Release|x86
		{B3EA3273-6107-4156-9AF7-261D53DD569C}.Release|x86.Build.0 = Release|x86
		{B3EA3273-6107-4156-9AF7-261D53DD569C}.Release|x86.Deploy.0 = Release|x86
		{8C2AA784-84B2-4655-A902-3383FE2D9B7D}.Debug|Any CPU.ActiveCfg = Debug|x64
		{8C2AA784-84B2-4655-A902-3383FE2D9B7D}.Debug|ARM.ActiveCfg = Debug|ARM
		{8C2AA784-84B2-4655-A902-3383FE2D9B7D}.Debug|ARM.Build.0 = Debug|ARM
		{8C2AA784-84B2-4655-A902-3383FE2D9B7D}.Debug|ARM.Deploy.0 = Debug|ARM
		{8C2AA784-84B2-4655-A902-3383FE2D9B7D}.Debug|ARM64.ActiveCfg = Debug|x64
		{8C2AA784-84B2-4655-A902-3383FE2D9B7D}.Debug|ARM64.Build.0 = Debug|x64
		{8C2AA784-84B2-4655-A902-3383FE2D9B7D}.Debug|ARM64.Deploy.0 = Debug|x64
		{8C2AA784-84B2-4655-A902-3383FE2D9B7D}.Debug|x64.ActiveCfg = Debug|x64
		{8C2AA784-84B2-4655-A902-3383FE2D9B7D}.Debug|x64.Build.0 = Debug|x64
		{8C2AA784-84B2-4655-A902-3383FE2D9B7D}.Debug|x64.Deploy.0 = Debug|x64
		{8C2AA784-84B2-4655-A902-3383FE2D9B7D}.Debug|x86.ActiveCfg = Debug|x86
		{8C2AA784-84B2-4655-A902-3383FE2D9B7D}.Debug|x86.Build.0 = Debug|x86
		{8C2AA784-84B2-4655-A902-3383FE2D9B7D}.Debug|x86.Deploy.0 = Debug|x86
		{8C2AA784-84B2-4655-A902-3383FE2D9B7D}.Release|Any CPU.ActiveCfg = Release|x64
		{8C2AA784-84B2-4655-A902-3383FE2D9B7D}.Release|ARM.ActiveCfg = Release|ARM
		{8C2AA784-84B2-4655-A902-3383FE2D9B7D}.Release|ARM.Build.0 = Release|ARM
		{8C2AA784-84B2-4655-A902-3383FE2D9B7D}.Release|ARM.Deploy.0 = Release|ARM
		{8C2AA784-84B2-4655-A902-3383FE2D9B7D}.Release|ARM64.ActiveCfg = Release|x64
		{8C2AA784-84B2-4655-A902-3383FE2D9B7D}.Release|ARM64.Build.0 = Release|x64
		{8C2AA784-84B2-4655-A902-3383FE2D9B7D}.Release|ARM64.Deploy.0 = Release|x64
		{8C2AA784-84B2-4655-A902-3383FE2D9B7D}.Release|x64.ActiveCfg = Release|x64
		{8C2AA784-84B2-4655-A902-3383FE2D9B7D}.Release|x64.Build.0 = Release|x64
		{8C2AA784-84B2-4655-A902-3383FE2D9B7D}.Release|x64.Deploy.0 = Release|x64
		{8C2AA784-84B2-4655-A902-3383FE2D9B7D}.Release|x86.ActiveCfg = Release|x86
		{8C2AA784-84B2-4655-A902-3383FE2D9B7D}.Release|x86.Build.0 = Release|x86
		{8C2AA784-84B2-4655-A902-3383FE2D9B7D}.Release|x86.Deploy.0 = Release|x86
		{9708D0C5-2CFC-40AC-BBB4-3F4283F9378F}.Debug|Any CPU.ActiveCfg = Debug|x64
		{9708D0C5-2CFC-40AC-BBB4-3F4283F9378F}.Debug|ARM.ActiveCfg = Debug|ARM
		{9708D0C5-2CFC-40AC-BBB4-3F4283F9378F}.Debug|ARM.Build.0 = Debug|ARM
		{9708D0C5-2CFC-40AC-BBB4-3F4283F9378F}.Debug|ARM.Deploy.0 = Debug|ARM
		{9708D0C5-2CFC-40AC-BBB4-3F4283F9378F}.Debug|ARM64.ActiveCfg = Debug|x64
		{9708D0C5-2CFC-40AC-BBB4-3F4283F9378F}.Debug|ARM64.Build.0 = Debug|x64
		{9708D0C5-2CFC-40AC-BBB4-3F4283F9378F}.Debug|ARM64.Deploy.0 = Debug|x64
		{9708D0C5-2CFC-40AC-BBB4-3F4283F9378F}.Debug|x64.ActiveCfg = Debug|x64
		{9708D0C5-2CFC-40AC-BBB4-3F4283F9378F}.Debug|x64.Build.0 = Debug|x64
		{9708D0C5-2CFC-40AC-BBB4-3F4283F9378F}.Debug|x64.Deploy.0 = Debug|x64
		{9708D0C5-2CFC-40AC-BBB4-3F4283F9378F}.Debug|x86.ActiveCfg = Debug|x86
		{9708D0C5-2CFC-40AC-BBB4-3F4283F9378F}.Debug|x86.Build.0 = Debug|x86
		{9708D0C5-2CFC-40AC-BBB4-3F4283F9378F}.Debug|x86.Deploy.0 = Debug|x86
		{9708D0C5-2CFC-40AC-BBB4-3F4283F9378F}.Release|Any CPU.ActiveCfg = Release|x64
		{9708D0C5-2CFC-40AC-BBB4-3F4283F9378F}.Release|ARM.ActiveCfg = Release|ARM
		{9708D0C5-2CFC-40AC-BBB4-3F4283F9378F}.Release|ARM.Build.0 = Release|ARM
		{9708D0C5-2CFC-40AC-BBB4-3F4283F9378F}.Release|ARM.Deploy.0 = Release|ARM
		{9708D0C5-2CFC-40AC-BBB4-3F4283F9378F}.Release|ARM64.ActiveCfg = Release|x64
		{9708D0C5-2CFC-40AC-BBB4-3F4283F9378F}.Release|ARM64.Build.0 = Release|x64
		{9708D0C5-2CFC-40AC-BBB4-3F4283F9378F}.Release|ARM64.Deploy.0 = Release|x64
		{9708D0C5-2CFC-40AC-BBB4-3F4283F9378F}.Release|x64.ActiveCfg = Release|x64
		{9708D0C5-2CFC-40AC-BBB4-3F4283F9378F}.Release|x64.Build.0 = Release|x64
		{9708D0C5-2CFC-40AC-BBB4-3F4283F9378F}.Release|x64.Deploy.0 = Release|x64
		{9708D0C5-2CFC-40AC-BBB4-3F4283F9378F}.Release|x86.ActiveCfg = Release|x86
		{9708D0C5-2CFC-40AC-BBB4-3F4283F9378F}.Release|x86.Build.0 = Release|x86
		{9708D0C5-2CFC-40AC-BBB4-3F4283F9378F}.Release|x86.Deploy.0 = Release|x86
		{24725AE7-605A-4EC0-93C5-281E252F22F9}.Debug|Any CPU.ActiveCfg = Debug|Any CPU
		{24725AE7-605A-4EC0-93C5-281E252F22F9}.Debug|ARM.ActiveCfg = Debug|Any CPU
		{24725AE7-605A-4EC0-93C5-281E252F22F9}.Debug|ARM.Build.0 = Debug|Any CPU
		{24725AE7-605A-4EC0-93C5-281E252F22F9}.Debug|ARM64.ActiveCfg = Debug|Any CPU
		{24725AE7-605A-4EC0-93C5-281E252F22F9}.Debug|ARM64.Build.0 = Debug|Any CPU
		{24725AE7-605A-4EC0-93C5-281E252F22F9}.Debug|x64.ActiveCfg = Debug|Any CPU
		{24725AE7-605A-4EC0-93C5-281E252F22F9}.Debug|x64.Build.0 = Debug|Any CPU
		{24725AE7-605A-4EC0-93C5-281E252F22F9}.Debug|x86.ActiveCfg = Debug|Any CPU
		{24725AE7-605A-4EC0-93C5-281E252F22F9}.Debug|x86.Build.0 = Debug|Any CPU
		{24725AE7-605A-4EC0-93C5-281E252F22F9}.Release|Any CPU.ActiveCfg = Release|Any CPU
		{24725AE7-605A-4EC0-93C5-281E252F22F9}.Release|ARM.ActiveCfg = Release|Any CPU
		{24725AE7-605A-4EC0-93C5-281E252F22F9}.Release|ARM.Build.0 = Release|Any CPU
		{24725AE7-605A-4EC0-93C5-281E252F22F9}.Release|ARM64.ActiveCfg = Release|Any CPU
		{24725AE7-605A-4EC0-93C5-281E252F22F9}.Release|ARM64.Build.0 = Release|Any CPU
		{24725AE7-605A-4EC0-93C5-281E252F22F9}.Release|x64.ActiveCfg = Release|Any CPU
		{24725AE7-605A-4EC0-93C5-281E252F22F9}.Release|x64.Build.0 = Release|Any CPU
		{24725AE7-605A-4EC0-93C5-281E252F22F9}.Release|x86.ActiveCfg = Release|Any CPU
		{24725AE7-605A-4EC0-93C5-281E252F22F9}.Release|x86.Build.0 = Release|Any CPU
		{A35A0E69-7DF5-4C4F-B1FF-72960C75C951}.Debug|Any CPU.ActiveCfg = Debug|Any CPU
		{A35A0E69-7DF5-4C4F-B1FF-72960C75C951}.Debug|ARM.ActiveCfg = Debug|Any CPU
		{A35A0E69-7DF5-4C4F-B1FF-72960C75C951}.Debug|ARM.Build.0 = Debug|Any CPU
		{A35A0E69-7DF5-4C4F-B1FF-72960C75C951}.Debug|ARM64.ActiveCfg = Debug|Any CPU
		{A35A0E69-7DF5-4C4F-B1FF-72960C75C951}.Debug|ARM64.Build.0 = Debug|Any CPU
		{A35A0E69-7DF5-4C4F-B1FF-72960C75C951}.Debug|x64.ActiveCfg = Debug|Any CPU
		{A35A0E69-7DF5-4C4F-B1FF-72960C75C951}.Debug|x64.Build.0 = Debug|Any CPU
		{A35A0E69-7DF5-4C4F-B1FF-72960C75C951}.Debug|x86.ActiveCfg = Debug|Any CPU
		{A35A0E69-7DF5-4C4F-B1FF-72960C75C951}.Debug|x86.Build.0 = Debug|Any CPU
		{A35A0E69-7DF5-4C4F-B1FF-72960C75C951}.Release|Any CPU.ActiveCfg = Release|Any CPU
		{A35A0E69-7DF5-4C4F-B1FF-72960C75C951}.Release|ARM.ActiveCfg = Release|Any CPU
		{A35A0E69-7DF5-4C4F-B1FF-72960C75C951}.Release|ARM.Build.0 = Release|Any CPU
		{A35A0E69-7DF5-4C4F-B1FF-72960C75C951}.Release|ARM64.ActiveCfg = Release|Any CPU
		{A35A0E69-7DF5-4C4F-B1FF-72960C75C951}.Release|ARM64.Build.0 = Release|Any CPU
		{A35A0E69-7DF5-4C4F-B1FF-72960C75C951}.Release|x64.ActiveCfg = Release|Any CPU
		{A35A0E69-7DF5-4C4F-B1FF-72960C75C951}.Release|x64.Build.0 = Release|Any CPU
		{A35A0E69-7DF5-4C4F-B1FF-72960C75C951}.Release|x86.ActiveCfg = Release|Any CPU
		{A35A0E69-7DF5-4C4F-B1FF-72960C75C951}.Release|x86.Build.0 = Release|Any CPU
		{367D61B2-825E-41B6-B1EB-BB4CE4C744DF}.Debug|Any CPU.ActiveCfg = Debug|Any CPU
		{367D61B2-825E-41B6-B1EB-BB4CE4C744DF}.Debug|ARM.ActiveCfg = Debug|Any CPU
		{367D61B2-825E-41B6-B1EB-BB4CE4C744DF}.Debug|ARM.Build.0 = Debug|Any CPU
		{367D61B2-825E-41B6-B1EB-BB4CE4C744DF}.Debug|ARM64.ActiveCfg = Debug|Any CPU
		{367D61B2-825E-41B6-B1EB-BB4CE4C744DF}.Debug|ARM64.Build.0 = Debug|Any CPU
		{367D61B2-825E-41B6-B1EB-BB4CE4C744DF}.Debug|x64.ActiveCfg = Debug|Any CPU
		{367D61B2-825E-41B6-B1EB-BB4CE4C744DF}.Debug|x64.Build.0 = Debug|Any CPU
		{367D61B2-825E-41B6-B1EB-BB4CE4C744DF}.Debug|x86.ActiveCfg = Debug|Any CPU
		{367D61B2-825E-41B6-B1EB-BB4CE4C744DF}.Debug|x86.Build.0 = Debug|Any CPU
		{367D61B2-825E-41B6-B1EB-BB4CE4C744DF}.Release|Any CPU.ActiveCfg = Release|Any CPU
		{367D61B2-825E-41B6-B1EB-BB4CE4C744DF}.Release|ARM.ActiveCfg = Release|Any CPU
		{367D61B2-825E-41B6-B1EB-BB4CE4C744DF}.Release|ARM.Build.0 = Release|Any CPU
		{367D61B2-825E-41B6-B1EB-BB4CE4C744DF}.Release|ARM64.ActiveCfg = Release|Any CPU
		{367D61B2-825E-41B6-B1EB-BB4CE4C744DF}.Release|ARM64.Build.0 = Release|Any CPU
		{367D61B2-825E-41B6-B1EB-BB4CE4C744DF}.Release|x64.ActiveCfg = Release|Any CPU
		{367D61B2-825E-41B6-B1EB-BB4CE4C744DF}.Release|x64.Build.0 = Release|Any CPU
		{367D61B2-825E-41B6-B1EB-BB4CE4C744DF}.Release|x86.ActiveCfg = Release|Any CPU
		{367D61B2-825E-41B6-B1EB-BB4CE4C744DF}.Release|x86.Build.0 = Release|Any CPU
	EndGlobalSection
	GlobalSection(SolutionProperties) = preSolution
		HideSolutionNode = FALSE
	EndGlobalSection
	GlobalSection(NestedProjects) = preSolution
		{B3EA3273-6107-4156-9AF7-261D53DD569C} = {831D4F27-D470-41F9-B8B8-C67C131FB25F}
		{47E3F252-95E2-4948-9F24-1B6693637E37} = {DC3E07A7-A7A9-4382-893D-4BAA29E2C44E}
		{23EF746E-3E58-4240-8E0D-01DFD89C5950} = {BDD2EC50-851B-475D-92CB-DDE2F3F0D29D}
		{C0BE0E62-C802-48C6-A583-6E2D7C359252} = {4CCC50D9-EB0D-4337-8FB8-3AE4A4EBED03}
		{8C2AA784-84B2-4655-A902-3383FE2D9B7D} = {61CCEB81-6549-4DDB-8F54-705876975A13}
		{9708D0C5-2CFC-40AC-BBB4-3F4283F9378F} = {61CCEB81-6549-4DDB-8F54-705876975A13}
		{24725AE7-605A-4EC0-93C5-281E252F22F9} = {61CCEB81-6549-4DDB-8F54-705876975A13}
		{A35A0E69-7DF5-4C4F-B1FF-72960C75C951} = {61CCEB81-6549-4DDB-8F54-705876975A13}
		{367D61B2-825E-41B6-B1EB-BB4CE4C744DF} = {61CCEB81-6549-4DDB-8F54-705876975A13}
	EndGlobalSection
	GlobalSection(ExtensibilityGlobals) = postSolution
		SolutionGuid = {766B9ABE-4F55-4D6E-A401-C379CDA6F346}
	EndGlobalSection
EndGlobal
