
Microsoft Visual Studio Solution File, Format Version 12.00
# Visual Studio Version 17
VisualStudioVersion = 17.1.31911.260
MinimumVisualStudioVersion = 10.0.40219.1
Project("{FAE04EC0-301F-11D3-BF4B-00C04F79EFBC}") = "Lunox", "Lunox\Lunox.csproj", "{E75287D6-1375-44E2-B9F0-B4B170BC4FF6}"
EndProject
Project("{FAE04EC0-301F-11D3-BF4B-00C04F79EFBC}") = "Lunox.Tests.MSTest", "Lunox.Tests.MSTest\Lunox.Tests.MSTest.csproj", "{9708D0C5-2CFC-40AC-BBB4-3F4283F9378F}"
EndProject
Project("{FAE04EC0-301F-11D3-BF4B-00C04F79EFBC}") = "Lunox.Tests.xUnit", "Lunox.Tests.xUnit\Lunox.Tests.xUnit.csproj", "{8C2AA784-84B2-4655-A902-3383FE2D9B7D}"
EndProject
Project("{9A19103F-16F7-4668-BE54-9A1E7A4F7556}") = "Lunox.Core", "Lunox.Core\Lunox.Core.csproj", "{5FADDCF0-A132-49B2-ACDD-E3919143926B}"
EndProject
Project("{9A19103F-16F7-4668-BE54-9A1E7A4F7556}") = "Lunox.Core.Tests.MSTest", "Lunox.Core.Tests.MSTest\Lunox.Core.Tests.MSTest.csproj", "{37DD775F-479E-45CA-852B-A4E7293AE613}"
EndProject
Project("{9A19103F-16F7-4668-BE54-9A1E7A4F7556}") = "Lunox.Core.Tests.xUnit", "Lunox.Core.Tests.xUnit\Lunox.Core.Tests.xUnit.csproj", "{6169A7AB-A587-4154-B728-1EF5E34D7E9A}"
EndProject
Project("{9A19103F-16F7-4668-BE54-9A1E7A4F7556}") = "Lunox.Core.Tests.NUnit", "Lunox.Core.Tests.NUnit\Lunox.Core.Tests.NUnit.csproj", "{CB7FBC93-FF79-47DA-9343-20153DC79518}"
EndProject
Global
	GlobalSection(SolutionConfigurationPlatforms) = preSolution
		Debug|Any CPU = Debug|Any CPU
		Debug|ARM = Debug|ARM
		Debug|ARM64 = Debug|ARM64
		Debug|x64 = Debug|x64
		Debug|x86 = Debug|x86
		Release|Any CPU = Release|Any CPU
		Release|ARM = Release|ARM
		Release|ARM64 = Release|ARM64
		Release|x64 = Release|x64
		Release|x86 = Release|x86
	EndGlobalSection
	GlobalSection(ProjectConfigurationPlatforms) = postSolution
		{E75287D6-1375-44E2-B9F0-B4B170BC4FF6}.Debug|Any CPU.ActiveCfg = Debug|x64
		{E75287D6-1375-44E2-B9F0-B4B170BC4FF6}.Debug|Any CPU.Build.0 = Debug|x64
		{E75287D6-1375-44E2-B9F0-B4B170BC4FF6}.Debug|Any CPU.Deploy.0 = Debug|x64
		{E75287D6-1375-44E2-B9F0-B4B170BC4FF6}.Debug|ARM.ActiveCfg = Debug|ARM
		{E75287D6-1375-44E2-B9F0-B4B170BC4FF6}.Debug|ARM.Build.0 = Debug|ARM
		{E75287D6-1375-44E2-B9F0-B4B170BC4FF6}.Debug|ARM.Deploy.0 = Debug|ARM
		{E75287D6-1375-44E2-B9F0-B4B170BC4FF6}.Debug|ARM64.ActiveCfg = Debug|ARM64
		{E75287D6-1375-44E2-B9F0-B4B170BC4FF6}.Debug|ARM64.Build.0 = Debug|ARM64
		{E75287D6-1375-44E2-B9F0-B4B170BC4FF6}.Debug|ARM64.Deploy.0 = Debug|ARM64
		{E75287D6-1375-44E2-B9F0-B4B170BC4FF6}.Debug|x64.ActiveCfg = Debug|x64
		{E75287D6-1375-44E2-B9F0-B4B170BC4FF6}.Debug|x64.Build.0 = Debug|x64
		{E75287D6-1375-44E2-B9F0-B4B170BC4FF6}.Debug|x64.Deploy.0 = Debug|x64
		{E75287D6-1375-44E2-B9F0-B4B170BC4FF6}.Debug|x86.ActiveCfg = Debug|x86
		{E75287D6-1375-44E2-B9F0-B4B170BC4FF6}.Debug|x86.Build.0 = Debug|x86
		{E75287D6-1375-44E2-B9F0-B4B170BC4FF6}.Debug|x86.Deploy.0 = Debug|x86
		{E75287D6-1375-44E2-B9F0-B4B170BC4FF6}.Release|Any CPU.ActiveCfg = Release|x64
		{E75287D6-1375-44E2-B9F0-B4B170BC4FF6}.Release|Any CPU.Build.0 = Release|x64
		{E75287D6-1375-44E2-B9F0-B4B170BC4FF6}.Release|Any CPU.Deploy.0 = Release|x64
		{E75287D6-1375-44E2-B9F0-B4B170BC4FF6}.Release|ARM.ActiveCfg = Release|ARM
		{E75287D6-1375-44E2-B9F0-B4B170BC4FF6}.Release|ARM.Build.0 = Release|ARM
		{E75287D6-1375-44E2-B9F0-B4B170BC4FF6}.Release|ARM.Deploy.0 = Release|ARM
		{E75287D6-1375-44E2-B9F0-B4B170BC4FF6}.Release|ARM64.ActiveCfg = Release|ARM64
		{E75287D6-1375-44E2-B9F0-B4B170BC4FF6}.Release|ARM64.Build.0 = Release|ARM64
		{E75287D6-1375-44E2-B9F0-B4B170BC4FF6}.Release|ARM64.Deploy.0 = Release|ARM64
		{E75287D6-1375-44E2-B9F0-B4B170BC4FF6}.Release|x64.ActiveCfg = Release|x64
		{E75287D6-1375-44E2-B9F0-B4B170BC4FF6}.Release|x64.Build.0 = Release|x64
		{E75287D6-1375-44E2-B9F0-B4B170BC4FF6}.Release|x64.Deploy.0 = Release|x64
		{E75287D6-1375-44E2-B9F0-B4B170BC4FF6}.Release|x86.ActiveCfg = Release|x86
		{E75287D6-1375-44E2-B9F0-B4B170BC4FF6}.Release|x86.Build.0 = Release|x86
		{E75287D6-1375-44E2-B9F0-B4B170BC4FF6}.Release|x86.Deploy.0 = Release|x86
		{9708D0C5-2CFC-40AC-BBB4-3F4283F9378F}.Debug|Any CPU.ActiveCfg = Debug|x64
		{9708D0C5-2CFC-40AC-BBB4-3F4283F9378F}.Debug|ARM.ActiveCfg = Debug|ARM
		{9708D0C5-2CFC-40AC-BBB4-3F4283F9378F}.Debug|ARM.Build.0 = Debug|ARM
		{9708D0C5-2CFC-40AC-BBB4-3F4283F9378F}.Debug|ARM.Deploy.0 = Debug|ARM
		{9708D0C5-2CFC-40AC-BBB4-3F4283F9378F}.Debug|ARM64.ActiveCfg = Debug|x86
		{9708D0C5-2CFC-40AC-BBB4-3F4283F9378F}.Debug|x64.ActiveCfg = Debug|x64
		{9708D0C5-2CFC-40AC-BBB4-3F4283F9378F}.Debug|x64.Build.0 = Debug|x64
		{9708D0C5-2CFC-40AC-BBB4-3F4283F9378F}.Debug|x64.Deploy.0 = Debug|x64
		{9708D0C5-2CFC-40AC-BBB4-3F4283F9378F}.Debug|x86.ActiveCfg = Debug|x86
		{9708D0C5-2CFC-40AC-BBB4-3F4283F9378F}.Debug|x86.Build.0 = Debug|x86
		{9708D0C5-2CFC-40AC-BBB4-3F4283F9378F}.Debug|x86.Deploy.0 = Debug|x86
		{9708D0C5-2CFC-40AC-BBB4-3F4283F9378F}.Release|Any CPU.ActiveCfg = Release|x64
		{9708D0C5-2CFC-40AC-BBB4-3F4283F9378F}.Release|ARM.ActiveCfg = Release|ARM
		{9708D0C5-2CFC-40AC-BBB4-3F4283F9378F}.Release|ARM.Build.0 = Release|ARM
		{9708D0C5-2CFC-40AC-BBB4-3F4283F9378F}.Release|ARM.Deploy.0 = Release|ARM
		{9708D0C5-2CFC-40AC-BBB4-3F4283F9378F}.Release|ARM64.ActiveCfg = Release|x86
		{9708D0C5-2CFC-40AC-BBB4-3F4283F9378F}.Release|x64.ActiveCfg = Release|x64
		{9708D0C5-2CFC-40AC-BBB4-3F4283F9378F}.Release|x64.Build.0 = Release|x64
		{9708D0C5-2CFC-40AC-BBB4-3F4283F9378F}.Release|x64.Deploy.0 = Release|x64
		{9708D0C5-2CFC-40AC-BBB4-3F4283F9378F}.Release|x86.ActiveCfg = Release|x86
		{9708D0C5-2CFC-40AC-BBB4-3F4283F9378F}.Release|x86.Build.0 = Release|x86
		{9708D0C5-2CFC-40AC-BBB4-3F4283F9378F}.Release|x86.Deploy.0 = Release|x86
		{8C2AA784-84B2-4655-A902-3383FE2D9B7D}.Debug|Any CPU.ActiveCfg = Debug|x64
		{8C2AA784-84B2-4655-A902-3383FE2D9B7D}.Debug|ARM.ActiveCfg = Debug|ARM
		{8C2AA784-84B2-4655-A902-3383FE2D9B7D}.Debug|ARM.Build.0 = Debug|ARM
		{8C2AA784-84B2-4655-A902-3383FE2D9B7D}.Debug|ARM.Deploy.0 = Debug|ARM
		{8C2AA784-84B2-4655-A902-3383FE2D9B7D}.Debug|ARM64.ActiveCfg = Debug|x86
		{8C2AA784-84B2-4655-A902-3383FE2D9B7D}.Debug|x64.ActiveCfg = Debug|x64
		{8C2AA784-84B2-4655-A902-3383FE2D9B7D}.Debug|x64.Build.0 = Debug|x64
		{8C2AA784-84B2-4655-A902-3383FE2D9B7D}.Debug|x64.Deploy.0 = Debug|x64
		{8C2AA784-84B2-4655-A902-3383FE2D9B7D}.Debug|x86.ActiveCfg = Debug|x86
		{8C2AA784-84B2-4655-A902-3383FE2D9B7D}.Debug|x86.Build.0 = Debug|x86
		{8C2AA784-84B2-4655-A902-3383FE2D9B7D}.Debug|x86.Deploy.0 = Debug|x86
		{8C2AA784-84B2-4655-A902-3383FE2D9B7D}.Release|Any CPU.ActiveCfg = Release|x64
		{8C2AA784-84B2-4655-A902-3383FE2D9B7D}.Release|ARM.ActiveCfg = Release|ARM
		{8C2AA784-84B2-4655-A902-3383FE2D9B7D}.Release|ARM.Build.0 = Release|ARM
		{8C2AA784-84B2-4655-A902-3383FE2D9B7D}.Release|ARM.Deploy.0 = Release|ARM
		{8C2AA784-84B2-4655-A902-3383FE2D9B7D}.Release|ARM64.ActiveCfg = Release|x86
		{8C2AA784-84B2-4655-A902-3383FE2D9B7D}.Release|x64.ActiveCfg = Release|x64
		{8C2AA784-84B2-4655-A902-3383FE2D9B7D}.Release|x64.Build.0 = Release|x64
		{8C2AA784-84B2-4655-A902-3383FE2D9B7D}.Release|x64.Deploy.0 = Release|x64
		{8C2AA784-84B2-4655-A902-3383FE2D9B7D}.Release|x86.ActiveCfg = Release|x86
		{8C2AA784-84B2-4655-A902-3383FE2D9B7D}.Release|x86.Build.0 = Release|x86
		{8C2AA784-84B2-4655-A902-3383FE2D9B7D}.Release|x86.Deploy.0 = Release|x86
		{5FADDCF0-A132-49B2-ACDD-E3919143926B}.Debug|Any CPU.ActiveCfg = Debug|Any CPU
		{5FADDCF0-A132-49B2-ACDD-E3919143926B}.Debug|Any CPU.Build.0 = Debug|Any CPU
		{5FADDCF0-A132-49B2-ACDD-E3919143926B}.Debug|ARM.ActiveCfg = Debug|Any CPU
		{5FADDCF0-A132-49B2-ACDD-E3919143926B}.Debug|ARM.Build.0 = Debug|Any CPU
		{5FADDCF0-A132-49B2-ACDD-E3919143926B}.Debug|ARM64.ActiveCfg = Debug|Any CPU
		{5FADDCF0-A132-49B2-ACDD-E3919143926B}.Debug|ARM64.Build.0 = Debug|Any CPU
		{5FADDCF0-A132-49B2-ACDD-E3919143926B}.Debug|x64.ActiveCfg = Debug|Any CPU
		{5FADDCF0-A132-49B2-ACDD-E3919143926B}.Debug|x64.Build.0 = Debug|Any CPU
		{5FADDCF0-A132-49B2-ACDD-E3919143926B}.Debug|x86.ActiveCfg = Debug|Any CPU
		{5FADDCF0-A132-49B2-ACDD-E3919143926B}.Debug|x86.Build.0 = Debug|Any CPU
		{5FADDCF0-A132-49B2-ACDD-E3919143926B}.Release|Any CPU.ActiveCfg = Release|Any CPU
		{5FADDCF0-A132-49B2-ACDD-E3919143926B}.Release|Any CPU.Build.0 = Release|Any CPU
		{5FADDCF0-A132-49B2-ACDD-E3919143926B}.Release|ARM.ActiveCfg = Release|Any CPU
		{5FADDCF0-A132-49B2-ACDD-E3919143926B}.Release|ARM.Build.0 = Release|Any CPU
		{5FADDCF0-A132-49B2-ACDD-E3919143926B}.Release|ARM64.ActiveCfg = Release|Any CPU
		{5FADDCF0-A132-49B2-ACDD-E3919143926B}.Release|ARM64.Build.0 = Release|Any CPU
		{5FADDCF0-A132-49B2-ACDD-E3919143926B}.Release|x64.ActiveCfg = Release|Any CPU
		{5FADDCF0-A132-49B2-ACDD-E3919143926B}.Release|x64.Build.0 = Release|Any CPU
		{5FADDCF0-A132-49B2-ACDD-E3919143926B}.Release|x86.ActiveCfg = Release|Any CPU
		{5FADDCF0-A132-49B2-ACDD-E3919143926B}.Release|x86.Build.0 = Release|Any CPU
		{37DD775F-479E-45CA-852B-A4E7293AE613}.Debug|Any CPU.ActiveCfg = Debug|Any CPU
		{37DD775F-479E-45CA-852B-A4E7293AE613}.Debug|ARM.ActiveCfg = Debug|Any CPU
		{37DD775F-479E-45CA-852B-A4E7293AE613}.Debug|ARM.Build.0 = Debug|Any CPU
		{37DD775F-479E-45CA-852B-A4E7293AE613}.Debug|ARM64.ActiveCfg = Debug|Any CPU
		{37DD775F-479E-45CA-852B-A4E7293AE613}.Debug|ARM64.Build.0 = Debug|Any CPU
		{37DD775F-479E-45CA-852B-A4E7293AE613}.Debug|x64.ActiveCfg = Debug|Any CPU
		{37DD775F-479E-45CA-852B-A4E7293AE613}.Debug|x64.Build.0 = Debug|Any CPU
		{37DD775F-479E-45CA-852B-A4E7293AE613}.Debug|x86.ActiveCfg = Debug|Any CPU
		{37DD775F-479E-45CA-852B-A4E7293AE613}.Debug|x86.Build.0 = Debug|Any CPU
		{37DD775F-479E-45CA-852B-A4E7293AE613}.Release|Any CPU.ActiveCfg = Release|Any CPU
		{37DD775F-479E-45CA-852B-A4E7293AE613}.Release|ARM.ActiveCfg = Release|Any CPU
		{37DD775F-479E-45CA-852B-A4E7293AE613}.Release|ARM.Build.0 = Release|Any CPU
		{37DD775F-479E-45CA-852B-A4E7293AE613}.Release|ARM64.ActiveCfg = Release|Any CPU
		{37DD775F-479E-45CA-852B-A4E7293AE613}.Release|ARM64.Build.0 = Release|Any CPU
		{37DD775F-479E-45CA-852B-A4E7293AE613}.Release|x64.ActiveCfg = Release|Any CPU
		{37DD775F-479E-45CA-852B-A4E7293AE613}.Release|x64.Build.0 = Release|Any CPU
		{37DD775F-479E-45CA-852B-A4E7293AE613}.Release|x86.ActiveCfg = Release|Any CPU
		{37DD775F-479E-45CA-852B-A4E7293AE613}.Release|x86.Build.0 = Release|Any CPU
		{6169A7AB-A587-4154-B728-1EF5E34D7E9A}.Debug|Any CPU.ActiveCfg = Debug|Any CPU
		{6169A7AB-A587-4154-B728-1EF5E34D7E9A}.Debug|ARM.ActiveCfg = Debug|Any CPU
		{6169A7AB-A587-4154-B728-1EF5E34D7E9A}.Debug|ARM.Build.0 = Debug|Any CPU
		{6169A7AB-A587-4154-B728-1EF5E34D7E9A}.Debug|ARM64.ActiveCfg = Debug|Any CPU
		{6169A7AB-A587-4154-B728-1EF5E34D7E9A}.Debug|ARM64.Build.0 = Debug|Any CPU
		{6169A7AB-A587-4154-B728-1EF5E34D7E9A}.Debug|x64.ActiveCfg = Debug|Any CPU
		{6169A7AB-A587-4154-B728-1EF5E34D7E9A}.Debug|x64.Build.0 = Debug|Any CPU
		{6169A7AB-A587-4154-B728-1EF5E34D7E9A}.Debug|x86.ActiveCfg = Debug|Any CPU
		{6169A7AB-A587-4154-B728-1EF5E34D7E9A}.Debug|x86.Build.0 = Debug|Any CPU
		{6169A7AB-A587-4154-B728-1EF5E34D7E9A}.Release|Any CPU.ActiveCfg = Release|Any CPU
		{6169A7AB-A587-4154-B728-1EF5E34D7E9A}.Release|ARM.ActiveCfg = Release|Any CPU
		{6169A7AB-A587-4154-B728-1EF5E34D7E9A}.Release|ARM.Build.0 = Release|Any CPU
		{6169A7AB-A587-4154-B728-1EF5E34D7E9A}.Release|ARM64.ActiveCfg = Release|Any CPU
		{6169A7AB-A587-4154-B728-1EF5E34D7E9A}.Release|ARM64.Build.0 = Release|Any CPU
		{6169A7AB-A587-4154-B728-1EF5E34D7E9A}.Release|x64.ActiveCfg = Release|Any CPU
		{6169A7AB-A587-4154-B728-1EF5E34D7E9A}.Release|x64.Build.0 = Release|Any CPU
		{6169A7AB-A587-4154-B728-1EF5E34D7E9A}.Release|x86.ActiveCfg = Release|Any CPU
		{6169A7AB-A587-4154-B728-1EF5E34D7E9A}.Release|x86.Build.0 = Release|Any CPU
		{CB7FBC93-FF79-47DA-9343-20153DC79518}.Debug|Any CPU.ActiveCfg = Debug|Any CPU
		{CB7FBC93-FF79-47DA-9343-20153DC79518}.Debug|ARM.ActiveCfg = Debug|Any CPU
		{CB7FBC93-FF79-47DA-9343-20153DC79518}.Debug|ARM.Build.0 = Debug|Any CPU
		{CB7FBC93-FF79-47DA-9343-20153DC79518}.Debug|ARM64.ActiveCfg = Debug|Any CPU
		{CB7FBC93-FF79-47DA-9343-20153DC79518}.Debug|ARM64.Build.0 = Debug|Any CPU
		{CB7FBC93-FF79-47DA-9343-20153DC79518}.Debug|x64.ActiveCfg = Debug|Any CPU
		{CB7FBC93-FF79-47DA-9343-20153DC79518}.Debug|x64.Build.0 = Debug|Any CPU
		{CB7FBC93-FF79-47DA-9343-20153DC79518}.Debug|x86.ActiveCfg = Debug|Any CPU
		{CB7FBC93-FF79-47DA-9343-20153DC79518}.Debug|x86.Build.0 = Debug|Any CPU
		{CB7FBC93-FF79-47DA-9343-20153DC79518}.Release|Any CPU.ActiveCfg = Release|Any CPU
		{CB7FBC93-FF79-47DA-9343-20153DC79518}.Release|ARM.ActiveCfg = Release|Any CPU
		{CB7FBC93-FF79-47DA-9343-20153DC79518}.Release|ARM.Build.0 = Release|Any CPU
		{CB7FBC93-FF79-47DA-9343-20153DC79518}.Release|ARM64.ActiveCfg = Release|Any CPU
		{CB7FBC93-FF79-47DA-9343-20153DC79518}.Release|ARM64.Build.0 = Release|Any CPU
		{CB7FBC93-FF79-47DA-9343-20153DC79518}.Release|x64.ActiveCfg = Release|Any CPU
		{CB7FBC93-FF79-47DA-9343-20153DC79518}.Release|x64.Build.0 = Release|Any CPU
		{CB7FBC93-FF79-47DA-9343-20153DC79518}.Release|x86.ActiveCfg = Release|Any CPU
		{CB7FBC93-FF79-47DA-9343-20153DC79518}.Release|x86.Build.0 = Release|Any CPU
	EndGlobalSection
	GlobalSection(SolutionProperties) = preSolution
		HideSolutionNode = FALSE
	EndGlobalSection
	GlobalSection(ExtensibilityGlobals) = postSolution
		SolutionGuid = {0213E95C-0163-4320-8526-8F55F0AFC1FF}
	EndGlobalSection
EndGlobal
